
Microsoft Visual Studio Solution File, Format Version 12.00
# Visual Studio Version 17
VisualStudioVersion = 17.5.33414.496
MinimumVisualStudioVersion = 10.0.40219.1
Project("{FAE04EC0-301F-11D3-BF4B-00C04F79EFBC}") = "prySosaEtapa2", "prySosaEtapa2.csproj", "{BC752CA4-D2EC-4542-9BA5-8ADA9688D3FD}"
EndProject
Global
	GlobalSection(SolutionConfigurationPlatforms) = preSolution
		Debug|Any CPU = Debug|Any CPU
		Release|Any CPU = Release|Any CPU
	EndGlobalSection
	GlobalSection(ProjectConfigurationPlatforms) = postSolution
		{BC752CA4-D2EC-4542-9BA5-8ADA9688D3FD}.Debug|Any CPU.ActiveCfg = Debug|Any CPU
		{BC752CA4-D2EC-4542-9BA5-8ADA9688D3FD}.Debug|Any CPU.Build.0 = Debug|Any CPU
		{BC752CA4-D2EC-4542-9BA5-8ADA9688D3FD}.Release|Any CPU.ActiveCfg = Release|Any CPU
		{BC752CA4-D2EC-4542-9BA5-8ADA9688D3FD}.Release|Any CPU.Build.0 = Release|Any CPU
	EndGlobalSection
	GlobalSection(SolutionProperties) = preSolution
		HideSolutionNode = FALSE
	EndGlobalSection
	GlobalSection(ExtensibilityGlobals) = postSolution
		SolutionGuid = {8DF04B81-AAFC-4C33-AAEB-D26F7E58C558}
	EndGlobalSection
EndGlobal
